{
    "_readme": [
        "This file locks the dependencies of your project to a known state",
        "Read more about it at http://getcomposer.org/doc/01-basic-usage.md#composer-lock-the-lock-file"
    ],
    "hash": "8ffd8a1982f13f62bdd9d6f54230579b",
    "packages": [
        {
            "name": "colymba/gridfield-bulk-editing-tools",
            "version": "dev-master",
            "source": {
                "type": "git",
                "url": "https://github.com/colymba/GridFieldBulkEditingTools.git",
                "reference": "0e307890402a1a6a87729d56005d9a1fa5bb5c9e"
            },
            "dist": {
                "type": "zip",
                "url": "https://api.github.com/repos/colymba/GridFieldBulkEditingTools/zipball/0e307890402a1a6a87729d56005d9a1fa5bb5c9e",
                "reference": "0e307890402a1a6a87729d56005d9a1fa5bb5c9e",
                "shasum": ""
            },
            "require": {
                "silverstripe/framework": "~3.1"
            },
            "type": "silverstripe-module",
            "notification-url": "https://packagist.org/downloads/",
            "license": [
                "BSD Simplified"
            ],
            "authors": [
                {
                    "name": "Thierry Francois",
                    "homepage": "http://colymba.com"
                },
                {
                    "name": "GitHub contributors",
                    "homepage": "https://github.com/colymba/GridFieldBulkEditingTools/contributors"
                }
            ],
            "description": "SilverStripe 3 GridField component to upload images and edit records in bulk",
            "homepage": "https://github.com/colymba/GridFieldBulkEditingTools",
            "keywords": [
                "Image upload",
                "bulk upload",
                "gridfield bulk upload",
                "silverstripe"
            ],
            "time": "2014-01-17 10:56:46"
        },
        {
            "name": "composer/installers",
            "version": "dev-master",
            "source": {
                "type": "git",
                "url": "https://github.com/composer/installers.git",
                "reference": "53c31d1c216b64c1da999d5d25a97fcbf6810515"
            },
            "dist": {
                "type": "zip",
                "url": "https://api.github.com/repos/composer/installers/zipball/53c31d1c216b64c1da999d5d25a97fcbf6810515",
                "reference": "53c31d1c216b64c1da999d5d25a97fcbf6810515",
                "shasum": ""
            },
            "replace": {
                "shama/baton": "*"
            },
            "require-dev": {
                "composer/composer": "1.0.*@dev",
                "phpunit/phpunit": "3.7.*"
            },
            "type": "composer-installer",
            "extra": {
                "class": "Composer\\Installers\\Installer",
                "branch-alias": {
                    "dev-master": "1.0-dev"
                }
            },
            "autoload": {
                "psr-0": {
                    "Composer\\Installers\\": "src/"
                }
            },
            "notification-url": "https://packagist.org/downloads/",
            "license": [
                "MIT"
            ],
            "authors": [
                {
                    "name": "Kyle Robinson Young",
                    "email": "kyle@dontkry.com",
                    "homepage": "http://dontkry.com",
                    "role": "Developer"
                }
            ],
            "description": "A multi-framework Composer library installer",
            "homepage": "http://composer.github.com/installers/",
            "keywords": [
                "TYPO3 CMS",
                "TYPO3 Flow",
                "TYPO3 Neos",
                "agl",
                "cakephp",
                "codeigniter",
                "concrete5",
                "drupal",
                "elgg",
                "fuelphp",
                "installer",
                "joomla",
                "kohana",
                "laravel",
                "li3",
                "lithium",
                "mako",
                "modulework",
                "phpbb",
                "piwik",
                "ppi",
                "silverstripe",
                "symfony",
                "wordpress",
                "zend"
            ],
            "time": "2014-01-14 16:42:06"
        },
        {
            "name": "jonom/focuspoint",
            "version": "dev-master",
            "source": {
                "type": "git",
                "url": "https://github.com/jonom/silverstripe-focuspoint.git",
                "reference": "643edb22a9a7566679c2c857addb20d1ad6c31f5"
            },
            "dist": {
                "type": "zip",
                "url": "https://api.github.com/repos/jonom/silverstripe-focuspoint/zipball/643edb22a9a7566679c2c857addb20d1ad6c31f5",
                "reference": "643edb22a9a7566679c2c857addb20d1ad6c31f5",
                "shasum": ""
            },
            "require": {
                "silverstripe/framework": "~3.1"
            },
            "type": "silverstripe-module",
            "notification-url": "https://packagist.org/downloads/",
            "license": [
                "BSD-3-Clause"
            ],
            "authors": [
                {
                    "name": "Jonathon Menz",
                    "homepage": "http://jonathonmenz.com"
                }
            ],
            "description": "Smarter automatic image cropping for SilverStripe",
            "keywords": [
                "crop",
                "cropping",
                "focus",
                "focuspoint",
                "image",
                "silverstripe"
            ],
            "time": "2013-12-26 21:46:17"
        },
        {
            "name": "silverstripe-themes/simple",
            "version": "dev-master",
            "source": {
                "type": "git",
                "url": "https://github.com/silverstripe-themes/silverstripe-simple.git",
                "reference": "84c1215f914b8c20f924202a2ace2812f28d6c0a"
            },
            "dist": {
                "type": "zip",
                "url": "https://api.github.com/repos/silverstripe-themes/silverstripe-simple/zipball/84c1215f914b8c20f924202a2ace2812f28d6c0a",
                "reference": "84c1215f914b8c20f924202a2ace2812f28d6c0a",
                "shasum": ""
            },
            "require": {
                "composer/installers": "*",
                "silverstripe/framework": ">=3.0"
            },
            "type": "silverstripe-theme",
            "notification-url": "https://packagist.org/downloads/",
            "license": [
                "BSD-3-Clause"
            ],
            "authors": [
                {
                    "name": "Sara Tušar (Innovaif)",
                    "homepage": "http://www.saratusar.com"
                }
            ],
            "description": "The SilverStripe simple theme (default SilverStripe 3 theme)",
            "keywords": [
                "silverstripe",
                "theme"
            ],
            "time": "2013-10-15 22:16:12"
        },
        {
            "name": "silverstripe/cms",
            "version": "3.1.2",
            "source": {
                "type": "git",
                "url": "https://github.com/silverstripe/silverstripe-cms.git",
                "reference": "e2fa3b7f2c208af4a33e7176c1a950396d423f19"
            },
            "dist": {
                "type": "zip",
                "url": "https://api.github.com/repos/silverstripe/silverstripe-cms/zipball/e2fa3b7f2c208af4a33e7176c1a950396d423f19",
                "reference": "e2fa3b7f2c208af4a33e7176c1a950396d423f19",
                "shasum": ""
            },
            "require": {
                "composer/installers": "*",
                "php": ">=5.3.2",
                "silverstripe/framework": "3.1.*"
            },
            "type": "silverstripe-module",
            "autoload": {
                "classmap": [
                    "tests/behat/"
                ]
            },
            "notification-url": "https://packagist.org/downloads/",
            "license": [
                "BSD-3-Clause"
            ],
            "authors": [
                {
                    "name": "SilverStripe",
                    "homepage": "http://silverstripe.com"
                },
                {
                    "name": "The SilverStripe Community",
                    "homepage": "http://silverstripe.org"
                }
            ],
            "description": "The SilverStripe Content Management System",
            "homepage": "http://silverstripe.org",
            "keywords": [
                "cms",
                "silverstripe"
            ],
            "time": "2013-11-07 23:59:07"
        },
        {
            "name": "silverstripe/framework",
            "version": "3.1.2",
            "source": {
                "type": "git",
                "url": "https://github.com/silverstripe/silverstripe-framework.git",
                "reference": "054b35ded7674f13ccad4cec8fe38372e2a001df"
            },
            "dist": {
                "type": "zip",
                "url": "https://api.github.com/repos/silverstripe/silverstripe-framework/zipball/054b35ded7674f13ccad4cec8fe38372e2a001df",
                "reference": "054b35ded7674f13ccad4cec8fe38372e2a001df",
                "shasum": ""
            },
            "require": {
                "composer/installers": "*",
                "php": ">=5.3.2"
            },
            "type": "silverstripe-module",
            "autoload": {
                "classmap": [
                    "tests/behat/features/bootstrap"
                ]
            },
            "notification-url": "https://packagist.org/downloads/",
            "license": [
                "BSD-3-Clause"
            ],
            "authors": [
                {
                    "name": "SilverStripe",
                    "homepage": "http://silverstripe.com"
                },
                {
                    "name": "The SilverStripe Community",
                    "homepage": "http://silverstripe.org"
                }
            ],
            "description": "The SilverStripe framework",
            "homepage": "http://silverstripe.org",
            "keywords": [
                "framework",
                "silverstripe"
            ],
            "time": "2013-11-12 18:43:44"
        },
        {
            "name": "silverstripe/fulltextsearch",
            "version": "dev-master",
            "source": {
                "type": "git",
                "url": "https://github.com/silverstripe-labs/silverstripe-fulltextsearch.git",
                "reference": "995a8a1d01844bdd4ddd8139a1e46d82c4f53a6f"
            },
            "dist": {
                "type": "zip",
                "url": "https://api.github.com/repos/silverstripe-labs/silverstripe-fulltextsearch/zipball/995a8a1d01844bdd4ddd8139a1e46d82c4f53a6f",
                "reference": "995a8a1d01844bdd4ddd8139a1e46d82c4f53a6f",
                "shasum": ""
            },
            "require": {
                "silverstripe/framework": "~3.1"
            },
            "require-dev": {
                "hafriedlander/silverstripe-phockito": "*",
                "silverstripe/cms": "~3.1"
            },
            "suggest": {
                "silverstripe/fulltextsearch-localsolr": "Adds a ready-to-use local Solr server for initial development"
            },
            "type": "silverstripe-module",
            "notification-url": "https://packagist.org/downloads/",
            "authors": [
                {
                    "name": "Hamish Friedlander",
                    "email": "hamish@silverstripe.com",
                    "role": "Developer"
                }
            ],
            "description": "Adds support for Fulltext Search engines like Sphinx and Solr to SilverStripe CMS",
            "keywords": [
                "fulltext",
                "silverstripe",
                "solr",
                "sphinx"
            ],
            "time": "2014-01-16 20:28:50"
        },
        {
            "name": "simonwelsh/gridfieldrelationhandler",
            "version": "dev-master",
            "source": {
                "type": "git",
                "url": "https://github.com/simonwelsh/silverstripe-GridFieldRelationHandler.git",
                "reference": "4a7e864286a8809e9173012ec0f0367ee8d2613e"
            },
            "dist": {
                "type": "zip",
                "url": "https://api.github.com/repos/simonwelsh/silverstripe-GridFieldRelationHandler/zipball/4a7e864286a8809e9173012ec0f0367ee8d2613e",
                "reference": "4a7e864286a8809e9173012ec0f0367ee8d2613e",
                "shasum": ""
            },
            "require": {
                "silverstripe/framework": "~3.0"
            },
            "type": "silverstripe-module",
            "notification-url": "https://packagist.org/downloads/",
            "license": [
                "BSD-3-Clause"
            ],
            "authors": [
                {
                    "name": "Simon Welsh",
                    "email": "simon@simon.geek.nz",
                    "homepage": "http://simon.geek.nz/"
                }
            ],
            "description": "This module provides two GridField components that aid in managing relationships within SilverStripe.",
            "keywords": [
                "component",
                "gridfield",
                "silverstripe"
            ],
            "time": "2013-10-21 21:39:49"
        },
        {
            "name": "unclecheese/betterbuttons",
            "version": "dev-master",
            "source": {
                "type": "git",
                "url": "https://github.com/unclecheese/silverstripe-gridfield-betterbuttons.git",
                "reference": "3fab81c5a9e5003fd87484bf3456edba3ea8e540"
            },
            "dist": {
                "type": "zip",
                "url": "https://api.github.com/repos/unclecheese/silverstripe-gridfield-betterbuttons/zipball/3fab81c5a9e5003fd87484bf3456edba3ea8e540",
                "reference": "3fab81c5a9e5003fd87484bf3456edba3ea8e540",
                "shasum": ""
            },
            "require": {
                "silverstripe/framework": "~3.1"
            },
            "type": "silverstripe-module",
            "notification-url": "https://packagist.org/downloads/",
            "license": [
                "BSD-3-Clause"
            ],
            "authors": [
                {
                    "name": "Uncle Cheese",
                    "email": "unclecheese@leftandmain.com",
                    "homepage": "http://leftandmain.com"
                }
            ],
            "description": "Adds new form actions and buttons to GridField detail form for usability enhancements.",
            "keywords": [
                "buttons",
                "gridfield",
                "silverstripe"
            ],
            "time": "2013-12-03 20:10:27"
        },
        {
            "name": "undefinedoffset/sortablegridfield",
            "version": "dev-master",
            "source": {
                "type": "git",
                "url": "https://github.com/UndefinedOffset/SortableGridField.git",
                "reference": "c59ec68690dcd6eeb03704aae96d4f17c9e5a293"
            },
            "dist": {
                "type": "zip",
                "url": "https://api.github.com/repos/UndefinedOffset/SortableGridField/zipball/c59ec68690dcd6eeb03704aae96d4f17c9e5a293",
                "reference": "c59ec68690dcd6eeb03704aae96d4f17c9e5a293",
                "shasum": ""
            },
            "require": {
                "composer/installers": "*",
                "silverstripe/framework": ">=3.0.1,<3.2"
            },
            "type": "silverstripe-module",
            "extra": {
                "installer-name": "sortablegridfield"
            },
            "notification-url": "https://packagist.org/downloads/",
            "license": [
                "BSD-3-Clause"
            ],
            "authors": [
                {
                    "name": "Ed Chipman",
                    "homepage": "http://www.edchipman.ca",
                    "role": "Developer"
                }
            ],
            "description": "Adds drag and drop functionality to SilverStripe 3.0's GridField",
            "keywords": [
                "gridfield",
                "silverstripe"
            ],
            "time": "2014-01-22 19:40:36"
        }
    ],
    "packages-dev": [

    ],
    "aliases": [

    ],
    "minimum-stability": "dev",
    "stability-flags": [

    ],
    "platform": {
        "php": ">=5.3.2"
    },
    "platform-dev": [

    ]
}
